{
  "version": "5",
  "specifiers": {
    "jsr:@deno/installer-shell-setup@*": "0.3.4"
  },
  "jsr": {
    "@deno/installer-shell-setup@0.3.4": {
      "integrity": "48665d1a737d487cce6874bc97bba70a5aeffa7053aca3f60df93c6fab8963b4"
    }
  },
  "workspace": {
    "packageJson": {
      "dependencies": [
        "npm:@dagflow/engine@*",
        "npm:@dagflow/protocol@*",
        "npm:@playwright/test@^1.63.0",
        "npm:@testing-library/jest-dom@6",
        "npm:@testing-library/react@^16.3.3",
        "npm:@testing-library/user-event@14",
        "npm:@types/node@^24.19.1",
        "npm:@types/react-dom@19",
        "npm:@types/react@19",
        "npm:@types/ws@^8.18.2",
        "npm:@vitejs/plugin-react@^6.1.2",
        "npm:@xyflow/react@^12.12.0",
        "npm:eslint-plugin-react-hooks@^7.1.1",
        "npm:eslint@^10.12.0",
        "npm:idb-keyval@^6.3.0",
        "npm:immer@^11.1.21",
        "npm:jsdom@^30.1.2",
        "npm:prettier@3",
        "npm:react-dom@^19.3.0",
        "npm:react@^19.3.0",
        "npm:typescript-eslint@^8.71.0",
        "npm:typescript@~6.0.3",
        "npm:valibot@^1.5.0",
        "npm:vite@^8.3.2",
        "npm:vitest@^5.0.3",
        "npm:zustand@^5.0.15"
      ]
    },
    "members": {
      "packages/protocol": {
        "packageJson": {
          "dependencies": [
            "npm:@dagflow/engine@*",
            "npm:valibot@^1.5.0"
          ]
        }
      },
      "packages/server": {
        "packageJson": {
          "dependencies": [
            "npm:@dagflow/engine@*",
            "npm:@dagflow/protocol@*",
            "npm:ws@^8.22.0"
          ]
        }
      }
    }
  }
}
